# This file was autogenerated by Stack.
# You should not edit this file by hand.
# For more information, please see the documentation at:
#   https://docs.haskellstack.org/en/stable/lock_files

packages:
- completed:
    name: offset
    version: 0.1.1.0
    git: git@github.com:ukari/offset.git
    pantry-tree:
      size: 754
      sha256: f239390ac3a76f20785cb4710417c9e763c04922d8a6e9f0e0ff70e1c316eb66
    commit: 6fb0f46ba00da3a4a59e175f6613a4ab826272f3
  original:
    git: git@github.com:ukari/offset.git
    commit: 6fb0f46ba00da3a4a59e175f6613a4ab826272f3
- completed:
    hackage: fused-effects-exceptions-1.1.0.0@sha256:c1880f55360deaa4441bda9ff09a4ce6dbd63df8c175c7ada16a5d67a3717bee,1749
    pantry-tree:
      size: 520
      sha256: 6750c5ca41f944a851cf90bb9814627934b8a734541d0ca061644fa91680bfcf
  original:
    hackage: fused-effects-exceptions-1.1.0.0@sha256:c1880f55360deaa4441bda9ff09a4ce6dbd63df8c175c7ada16a5d67a3717bee,1749
- completed:
    hackage: fused-effects-1.1.1.0@sha256:6f5cf3f2d0d61f39d97b8f63bc96564d0f64bc2801f3da828572d9f99f1e79f4,5139
    pantry-tree:
      size: 6288
      sha256: 44b34742d763dbc1922e05f2b8017a8e02a298ca66c72bb4c7b0468fea4a7254
  original:
    hackage: fused-effects-1.1.1.0@sha256:6f5cf3f2d0d61f39d97b8f63bc96564d0f64bc2801f3da828572d9f99f1e79f4,5139
- completed:
    hackage: reflex-0.8.0.0@sha256:e50de03568818072e2811211431ffe9811aeed69f3b24104b1dafb1b6fd0a525,11942
    pantry-tree:
      size: 4587
      sha256: 41a690372195eecda7bc9631a3724bc8a60a47a765e5c4e7a7ef8bdaf6a6eae9
  original:
    hackage: reflex-0.8.0.0@sha256:e50de03568818072e2811211431ffe9811aeed69f3b24104b1dafb1b6fd0a525,11942
- completed:
    hackage: monoidal-containers-0.6.0.1@sha256:ffdfae0fde7a08e9e314667a78d86454d2d23137d85f226ec6e757c190fb28ad,2583
    pantry-tree:
      size: 569
      sha256: 61d5a73cb768aa4d59db7365418a2fc1bb24b8c3e53ca496372656b6ba4d31ab
  original:
    hackage: monoidal-containers-0.6.0.1@sha256:ffdfae0fde7a08e9e314667a78d86454d2d23137d85f226ec6e757c190fb28ad,2583
- completed:
    hackage: patch-0.0.3.2@sha256:b4d3a60db88a04030392a06076defb9fe310a79577df7ff63ea2bb0298817b8d,2452
    pantry-tree:
      size: 977
      sha256: b9ab71b93cdff84a75c9d251513b4d64a9fea5b89526ecbec60eb9ae04521478
  original:
    hackage: patch-0.0.3.2@sha256:b4d3a60db88a04030392a06076defb9fe310a79577df7ff63ea2bb0298817b8d,2452
- completed:
    hackage: prim-uniq-0.2@sha256:7bfd8a729812bf212610b63459b76a086ecd5ce48f48d785c288e082d055d47b,1403
    pantry-tree:
      size: 464
      sha256: aa27fb2f22141bd9bb474091f811badd9c71c52a1504fb81834aeb28cecff626
  original:
    hackage: prim-uniq-0.2@sha256:7bfd8a729812bf212610b63459b76a086ecd5ce48f48d785c288e082d055d47b,1403
- completed:
    hackage: ref-tf-0.4.0.2@sha256:69de3550250e0cd69f45d080359cb314a9487c915024349c75b78732bbee9332,1134
    pantry-tree:
      size: 211
      sha256: fc5a4a35b4c782a33f452c1dc66ffa8ddbf321e2db369bd8823c796f0d4d8c7f
  original:
    hackage: ref-tf-0.4.0.2@sha256:69de3550250e0cd69f45d080359cb314a9487c915024349c75b78732bbee9332,1134
- completed:
    hackage: witherable-0.3.5@sha256:6590a15735b50ac14dcc138d4265ff1585d5f3e9d3047d5ebc5abf4cd5f50084,1476
    pantry-tree:
      size: 271
      sha256: b99f21dbac28da031eb7c787fbffbe5e77e0aee42b64b5dda082470e907d5ab5
  original:
    hackage: witherable-0.3.5@sha256:6590a15735b50ac14dcc138d4265ff1585d5f3e9d3047d5ebc5abf4cd5f50084,1476
- completed:
    hackage: repa-3.4.1.4@sha256:fab455d72a702f2d8a0c9be2de1d45ea1beb8f5949d8173bb95d2e7c515a6225,3323
    pantry-tree:
      size: 2965
      sha256: 9df7e22a32219da108ee67a24a9a223973357ce40d2d920d3df994c46e98f77e
  original:
    hackage: repa-3.4.1.4@sha256:fab455d72a702f2d8a0c9be2de1d45ea1beb8f5949d8173bb95d2e7c515a6225,3323
- completed:
    hackage: JuicyPixels-repa-0.7.1.0@sha256:ffbebd96efbf6af83eb14ee9c89259acf5a9a7d504644f2a35577bd66406ae69,898
    pantry-tree:
      size: 222
      sha256: 951d640678453f8e41fa6aac78eed1fea260d71152abfcd1b7e8c2fe936d2581
  original:
    hackage: JuicyPixels-repa-0.7.1.0@sha256:ffbebd96efbf6af83eb14ee9c89259acf5a9a7d504644f2a35577bd66406ae69,898
- completed:
    hackage: derive-storable-0.3.0.0@sha256:819332e8dd666ec88dab17e3aca0cffced197c1a560f5a003789a9372e7f07f1,2299
    pantry-tree:
      size: 901
      sha256: daa96c321b4d81aac6c28d621aaf67681017fe4d277b3b713930e7dd8bfeb53e
  original:
    hackage: derive-storable-0.3.0.0@sha256:819332e8dd666ec88dab17e3aca0cffced197c1a560f5a003789a9372e7f07f1,2299
- completed:
    hackage: derive-storable-plugin-0.2.3.3@sha256:5e6fda22fc834d717c40b31b8a5110d0644176c4bf92f8f62481f50067531719,2787
    pantry-tree:
      size: 1408
      sha256: 1bb72b68bf4a590acbbb27523125a4f543e4b094ae8f6d930147ef683d2173d2
  original:
    hackage: derive-storable-plugin-0.2.3.3@sha256:5e6fda22fc834d717c40b31b8a5110d0644176c4bf92f8f62481f50067531719,2787
- completed:
    hackage: VulkanMemoryAllocator-0.3.12@sha256:a4cbbb0fb4fb6221fb2911f6c26198a591b0cfe5f100f5df26a44e50da6f1e5f,2861
    pantry-tree:
      size: 524
      sha256: 01daf655e88cb104e4db68c65f8d00232db7a335a31202cf046719af8033fe8c
  original:
    hackage: VulkanMemoryAllocator-0.3.12@sha256:a4cbbb0fb4fb6221fb2911f6c26198a591b0cfe5f100f5df26a44e50da6f1e5f,2861
- completed:
    hackage: vulkan-3.9.1@sha256:1a62bd1b8c17da34c946aacb04e3b4a5e96075617a3398dc4e380250aa0dbe3a,24252
    pantry-tree:
      size: 66732
      sha256: 5030f2cf32f56413fd9a64a58b424b614672c93f723ee00da03371aec4c7393c
  original:
    hackage: vulkan-3.9.1@sha256:1a62bd1b8c17da34c946aacb04e3b4a5e96075617a3398dc4e380250aa0dbe3a,24252
- completed:
    hackage: vulkan-utils-0.5.0@sha256:12565f38854bad5e349cb7cf71bf447d2d3720dc89b5ff92158079267be5a7c3,3954
    pantry-tree:
      size: 2225
      sha256: ea0570b34b9c7c4958c72650572ee5d01d45193a25391a16f43b98cce4c77a4b
  original:
    hackage: vulkan-utils-0.5.0@sha256:12565f38854bad5e349cb7cf71bf447d2d3720dc89b5ff92158079267be5a7c3,3954
- completed:
    hackage: dependent-map-0.4.0.0@sha256:ca2b131046f4340a1c35d138c5a003fe4a5be96b14efc26291ed35fd08c62221,1657
    pantry-tree:
      size: 551
      sha256: 5defa30010904d2ad05a036f3eaf83793506717c93cbeb599f40db1a3632cfc5
  original:
    hackage: dependent-map-0.4.0.0@sha256:ca2b131046f4340a1c35d138c5a003fe4a5be96b14efc26291ed35fd08c62221,1657
- completed:
    hackage: dependent-sum-0.7.1.0@sha256:5599aa89637db434431b1dd3fa7c34bc3d565ee44f0519bfbc877be1927c2531,2068
    pantry-tree:
      size: 290
      sha256: 9cbfb32b5a8a782b7a1c941803fd517633cb699159b851c1d82267a9e9391b50
  original:
    hackage: dependent-sum-0.7.1.0@sha256:5599aa89637db434431b1dd3fa7c34bc3d565ee44f0519bfbc877be1927c2531,2068
- completed:
    hackage: constraints-extras-0.3.0.2@sha256:013b8d0392582c6ca068e226718a4fe8be8e22321cc0634f6115505bf377ad26,1853
    pantry-tree:
      size: 594
      sha256: 3ce1012bfb02e4d7def9df19ce80b8cd2b472c691b25b181d9960638673fecd1
  original:
    hackage: constraints-extras-0.3.0.2@sha256:013b8d0392582c6ca068e226718a4fe8be8e22321cc0634f6115505bf377ad26,1853
snapshots:
- completed:
    size: 533252
    url: https://raw.githubusercontent.com/commercialhaskell/stackage-snapshots/master/lts/16/27.yaml
    sha256: c2aaae52beeacf6a5727c1010f50e89d03869abfab6d2c2658ade9da8ed50c73
  original:
    url: https://raw.githubusercontent.com/commercialhaskell/stackage-snapshots/master/lts/16/27.yaml
