# This file was autogenerated by Stack.
# You should not edit this file by hand.
# For more information, please see the documentation at:
#   https://docs.haskellstack.org/en/stable/lock_files

packages:
- completed:
    name: sdl2
    version: 2.5.3.0
    git: https://github.com/haskell-game/sdl2.git
    pantry-tree:
      size: 7014
      sha256: f7be598159f2e13c31d9311c257d6fb94bcc36abba22310cbe25802ff0e8e430
    commit: a2646ede53d98aebf8f7c49b01f99236701b7e44
  original:
    git: https://github.com/haskell-game/sdl2.git
    commit: a2646ede53d98aebf8f7c49b01f99236701b7e44
- completed:
    hackage: lifetimes-0.1.0.0@sha256:87fff73310a17cd5ecf3fe37d917e6579664b8b858b044c18e9ae8211d237907,1937
    pantry-tree:
      size: 488
      sha256: ababcf5278febc70d749a1e852a78e34494694fa10d8a1b435b7506729264daf
  original:
    hackage: lifetimes-0.1.0.0@sha256:87fff73310a17cd5ecf3fe37d917e6579664b8b858b044c18e9ae8211d237907,1937
- completed:
    hackage: monad-stm-0.1.0.2@sha256:68c509a631cbb2f49c3e8b37527d281e6fdafbedac63a4c6fa69c98f4e0b2506,1732
    pantry-tree:
      size: 219
      sha256: b9766739e8a87b3a8d34350673e49927fa4fcde5710b573d748b2d0cd5892cea
  original:
    hackage: monad-stm-0.1.0.2@sha256:68c509a631cbb2f49c3e8b37527d281e6fdafbedac63a4c6fa69c98f4e0b2506,1732
- completed:
    hackage: zenhack-prelude-0.1.1.0@sha256:1ffdc0ad17e7c25786ef671f5889c165b325265b6d85ef4518a38fb1c52c446a,960
    pantry-tree:
      size: 256
      sha256: e620f5d5831407f7f016e46e6c4bb70f3d3b7bdf650ff8227f531bc1c3092448
  original:
    hackage: zenhack-prelude-0.1.1.0@sha256:1ffdc0ad17e7c25786ef671f5889c165b325265b6d85ef4518a38fb1c52c446a,960
- completed:
    hackage: fused-effects-exceptions-1.1.0.0@sha256:c1880f55360deaa4441bda9ff09a4ce6dbd63df8c175c7ada16a5d67a3717bee,1749
    pantry-tree:
      size: 520
      sha256: 6750c5ca41f944a851cf90bb9814627934b8a734541d0ca061644fa91680bfcf
  original:
    hackage: fused-effects-exceptions-1.1.0.0@sha256:c1880f55360deaa4441bda9ff09a4ce6dbd63df8c175c7ada16a5d67a3717bee,1749
- completed:
    hackage: fused-effects-1.1.1.1@sha256:c029c5fb0b2154281221a71ff25709d2a11347fe061fa8c2398e7fe52a16008d,4932
    pantry-tree:
      size: 6345
      sha256: 7d09ba6d70fc49a5fd2feef0e6b06122589b9f5e4539680c9d7933773e7273d7
  original:
    hackage: fused-effects-1.1.1.1@sha256:c029c5fb0b2154281221a71ff25709d2a11347fe061fa8c2398e7fe52a16008d,4932
- completed:
    hackage: reflex-0.8.0.0@sha256:e50de03568818072e2811211431ffe9811aeed69f3b24104b1dafb1b6fd0a525,11942
    pantry-tree:
      size: 4587
      sha256: 41a690372195eecda7bc9631a3724bc8a60a47a765e5c4e7a7ef8bdaf6a6eae9
  original:
    hackage: reflex-0.8.0.0@sha256:e50de03568818072e2811211431ffe9811aeed69f3b24104b1dafb1b6fd0a525,11942
- completed:
    hackage: monoidal-containers-0.6.0.1@sha256:ffdfae0fde7a08e9e314667a78d86454d2d23137d85f226ec6e757c190fb28ad,2583
    pantry-tree:
      size: 569
      sha256: 61d5a73cb768aa4d59db7365418a2fc1bb24b8c3e53ca496372656b6ba4d31ab
  original:
    hackage: monoidal-containers-0.6.0.1@sha256:ffdfae0fde7a08e9e314667a78d86454d2d23137d85f226ec6e757c190fb28ad,2583
- completed:
    hackage: patch-0.0.3.2@sha256:b4d3a60db88a04030392a06076defb9fe310a79577df7ff63ea2bb0298817b8d,2452
    pantry-tree:
      size: 977
      sha256: b9ab71b93cdff84a75c9d251513b4d64a9fea5b89526ecbec60eb9ae04521478
  original:
    hackage: patch-0.0.3.2@sha256:b4d3a60db88a04030392a06076defb9fe310a79577df7ff63ea2bb0298817b8d,2452
- completed:
    hackage: prim-uniq-0.2@sha256:7bfd8a729812bf212610b63459b76a086ecd5ce48f48d785c288e082d055d47b,1403
    pantry-tree:
      size: 464
      sha256: aa27fb2f22141bd9bb474091f811badd9c71c52a1504fb81834aeb28cecff626
  original:
    hackage: prim-uniq-0.2@sha256:7bfd8a729812bf212610b63459b76a086ecd5ce48f48d785c288e082d055d47b,1403
- completed:
    hackage: ref-tf-0.4.0.2@sha256:69de3550250e0cd69f45d080359cb314a9487c915024349c75b78732bbee9332,1134
    pantry-tree:
      size: 211
      sha256: fc5a4a35b4c782a33f452c1dc66ffa8ddbf321e2db369bd8823c796f0d4d8c7f
  original:
    hackage: ref-tf-0.4.0.2@sha256:69de3550250e0cd69f45d080359cb314a9487c915024349c75b78732bbee9332,1134
- completed:
    hackage: witherable-0.3.5@sha256:6590a15735b50ac14dcc138d4265ff1585d5f3e9d3047d5ebc5abf4cd5f50084,1476
    pantry-tree:
      size: 271
      sha256: b99f21dbac28da031eb7c787fbffbe5e77e0aee42b64b5dda082470e907d5ab5
  original:
    hackage: witherable-0.3.5@sha256:6590a15735b50ac14dcc138d4265ff1585d5f3e9d3047d5ebc5abf4cd5f50084,1476
- completed:
    hackage: massiv-0.6.1.0@sha256:6801607ca10a9cb8caad7383164bfa3212be7edc87d918d17f713d2efafcf629,4664
    pantry-tree:
      size: 3990
      sha256: 26aa8dcdd8bc05cb86057eebeacfcceef96d2c17b472be8f8ca5c4d4c06be6a3
  original:
    hackage: massiv-0.6.1.0@sha256:6801607ca10a9cb8caad7383164bfa3212be7edc87d918d17f713d2efafcf629,4664
- completed:
    hackage: scheduler-1.5.0@sha256:8b43f2991bf9a720b12192ba99525f705a44aeae9541a7bd73fbc7e7b56fd8f0,2437
    pantry-tree:
      size: 921
      sha256: 18de6354961aab66e7aafb6b7a21edfa2239cd202a61338468ebe0840b826e04
  original:
    hackage: scheduler-1.5.0@sha256:8b43f2991bf9a720b12192ba99525f705a44aeae9541a7bd73fbc7e7b56fd8f0,2437
- completed:
    hackage: massiv-io-0.4.1.0@sha256:fd1db3d851e0343833b8b3b6526be0f05782ee1f2152788616d71108d3b9676f,3667
    pantry-tree:
      size: 1966
      sha256: 9b51c9c7db097c66fd7db1952a68e58fc4a939eb4d6025791b40f25c2cb567b8
  original:
    hackage: massiv-io-0.4.1.0@sha256:fd1db3d851e0343833b8b3b6526be0f05782ee1f2152788616d71108d3b9676f,3667
- completed:
    hackage: Color-0.3.2@sha256:268a28d4864e904c3e6693c08b1fb9880271c953b114d0a483a0f9a81ef09577,8468
    pantry-tree:
      size: 7627
      sha256: a0e3d0b96c6583e4ccc04353612945c4cea3373684c0b7d4db49ea57e9b30162
  original:
    hackage: Color-0.3.2@sha256:268a28d4864e904c3e6693c08b1fb9880271c953b114d0a483a0f9a81ef09577,8468
- completed:
    hackage: vector-0.12.3.0@sha256:0ae2c1ba86f0077910be242ec6802cc3d7725fe7b2bea6987201aa3737b239b5,7953
    pantry-tree:
      size: 3842
      sha256: 11121a60e271d7971b68d603e4727673e8ffb724c858106bb739997ae00e485a
  original:
    hackage: vector-0.12.3.0@sha256:0ae2c1ba86f0077910be242ec6802cc3d7725fe7b2bea6987201aa3737b239b5,7953
- completed:
    hackage: linear-1.21.5@sha256:9f452515f1987d89c443aaa07a2a75f32d225131b73348fda4f5239a83457048,4295
    pantry-tree:
      size: 2043
      sha256: dd3bd9f9b891d16f014e694b0cd5db81831698a30141bde3e751ba4226687969
  original:
    hackage: linear-1.21.5@sha256:9f452515f1987d89c443aaa07a2a75f32d225131b73348fda4f5239a83457048,4295
- completed:
    hackage: indexed-traversable-0.1.1@sha256:e330ec1ab336ee2fb1eff117ebe3480d1663396fecd981f185b7123dc7941ae1,2469
    pantry-tree:
      size: 495
      sha256: 52d8bab517f47381ad864f636c89c5d23bc862c28d7bd826f930975c3c37a228
  original:
    hackage: indexed-traversable-0.1.1@sha256:e330ec1ab336ee2fb1eff117ebe3480d1663396fecd981f185b7123dc7941ae1,2469
- completed:
    hackage: derive-storable-0.3.0.0@sha256:819332e8dd666ec88dab17e3aca0cffced197c1a560f5a003789a9372e7f07f1,2299
    pantry-tree:
      size: 901
      sha256: daa96c321b4d81aac6c28d621aaf67681017fe4d277b3b713930e7dd8bfeb53e
  original:
    hackage: derive-storable-0.3.0.0@sha256:819332e8dd666ec88dab17e3aca0cffced197c1a560f5a003789a9372e7f07f1,2299
- completed:
    hackage: derive-storable-plugin-0.2.3.3@sha256:5e6fda22fc834d717c40b31b8a5110d0644176c4bf92f8f62481f50067531719,2787
    pantry-tree:
      size: 1408
      sha256: 1bb72b68bf4a590acbbb27523125a4f543e4b094ae8f6d930147ef683d2173d2
  original:
    hackage: derive-storable-plugin-0.2.3.3@sha256:5e6fda22fc834d717c40b31b8a5110d0644176c4bf92f8f62481f50067531719,2787
- completed:
    hackage: VulkanMemoryAllocator-0.3.12@sha256:a4cbbb0fb4fb6221fb2911f6c26198a591b0cfe5f100f5df26a44e50da6f1e5f,2861
    pantry-tree:
      size: 524
      sha256: 01daf655e88cb104e4db68c65f8d00232db7a335a31202cf046719af8033fe8c
  original:
    hackage: VulkanMemoryAllocator-0.3.12@sha256:a4cbbb0fb4fb6221fb2911f6c26198a591b0cfe5f100f5df26a44e50da6f1e5f,2861
- completed:
    hackage: vulkan-3.9.1@sha256:1a62bd1b8c17da34c946aacb04e3b4a5e96075617a3398dc4e380250aa0dbe3a,24252
    pantry-tree:
      size: 66732
      sha256: 5030f2cf32f56413fd9a64a58b424b614672c93f723ee00da03371aec4c7393c
  original:
    hackage: vulkan-3.9.1@sha256:1a62bd1b8c17da34c946aacb04e3b4a5e96075617a3398dc4e380250aa0dbe3a,24252
- completed:
    hackage: vulkan-utils-0.5.0@sha256:12565f38854bad5e349cb7cf71bf447d2d3720dc89b5ff92158079267be5a7c3,3954
    pantry-tree:
      size: 2225
      sha256: ea0570b34b9c7c4958c72650572ee5d01d45193a25391a16f43b98cce4c77a4b
  original:
    hackage: vulkan-utils-0.5.0@sha256:12565f38854bad5e349cb7cf71bf447d2d3720dc89b5ff92158079267be5a7c3,3954
- completed:
    hackage: dependent-map-0.4.0.0@sha256:ca2b131046f4340a1c35d138c5a003fe4a5be96b14efc26291ed35fd08c62221,1657
    pantry-tree:
      size: 551
      sha256: 5defa30010904d2ad05a036f3eaf83793506717c93cbeb599f40db1a3632cfc5
  original:
    hackage: dependent-map-0.4.0.0@sha256:ca2b131046f4340a1c35d138c5a003fe4a5be96b14efc26291ed35fd08c62221,1657
- completed:
    hackage: dependent-sum-0.7.1.0@sha256:5599aa89637db434431b1dd3fa7c34bc3d565ee44f0519bfbc877be1927c2531,2068
    pantry-tree:
      size: 290
      sha256: 9cbfb32b5a8a782b7a1c941803fd517633cb699159b851c1d82267a9e9391b50
  original:
    hackage: dependent-sum-0.7.1.0@sha256:5599aa89637db434431b1dd3fa7c34bc3d565ee44f0519bfbc877be1927c2531,2068
- completed:
    hackage: constraints-extras-0.3.0.2@sha256:013b8d0392582c6ca068e226718a4fe8be8e22321cc0634f6115505bf377ad26,1853
    pantry-tree:
      size: 594
      sha256: 3ce1012bfb02e4d7def9df19ce80b8cd2b472c691b25b181d9960638673fecd1
  original:
    hackage: constraints-extras-0.3.0.2@sha256:013b8d0392582c6ca068e226718a4fe8be8e22321cc0634f6115505bf377ad26,1853
snapshots:
- completed:
    size: 533252
    url: https://raw.githubusercontent.com/commercialhaskell/stackage-snapshots/master/lts/16/27.yaml
    sha256: c2aaae52beeacf6a5727c1010f50e89d03869abfab6d2c2658ade9da8ed50c73
  original:
    url: https://raw.githubusercontent.com/commercialhaskell/stackage-snapshots/master/lts/16/27.yaml
