# This file was autogenerated by Stack.
# You should not edit this file by hand.
# For more information, please see the documentation at:
#   https://docs.haskellstack.org/en/stable/lock_files

packages:
- completed:
    name: offset
    version: 0.1.1.0
    git: git@github.com:ukari/offset.git
    pantry-tree:
      size: 754
      sha256: f239390ac3a76f20785cb4710417c9e763c04922d8a6e9f0e0ff70e1c316eb66
    commit: 6fb0f46ba00da3a4a59e175f6613a4ab826272f3
  original:
    git: git@github.com:ukari/offset.git
    commit: 6fb0f46ba00da3a4a59e175f6613a4ab826272f3
- completed:
    hackage: repa-3.4.1.4@sha256:fab455d72a702f2d8a0c9be2de1d45ea1beb8f5949d8173bb95d2e7c515a6225,3323
    pantry-tree:
      size: 2965
      sha256: 9df7e22a32219da108ee67a24a9a223973357ce40d2d920d3df994c46e98f77e
  original:
    hackage: repa-3.4.1.4@sha256:fab455d72a702f2d8a0c9be2de1d45ea1beb8f5949d8173bb95d2e7c515a6225,3323
- completed:
    hackage: JuicyPixels-repa-0.7.1.0@sha256:ffbebd96efbf6af83eb14ee9c89259acf5a9a7d504644f2a35577bd66406ae69,898
    pantry-tree:
      size: 222
      sha256: 951d640678453f8e41fa6aac78eed1fea260d71152abfcd1b7e8c2fe936d2581
  original:
    hackage: JuicyPixels-repa-0.7.1.0@sha256:ffbebd96efbf6af83eb14ee9c89259acf5a9a7d504644f2a35577bd66406ae69,898
- completed:
    hackage: VulkanMemoryAllocator-0.3.11@sha256:429b59c2317cfa0c08124e31259c7626ef7d9fd0c6c5035a2205b0aaa5a1eac1,2860
    pantry-tree:
      size: 524
      sha256: f261a7a52c99f73c1e177af08502547cb750d01d76d33da53265a8fb07805cc7
  original:
    hackage: VulkanMemoryAllocator-0.3.11@sha256:429b59c2317cfa0c08124e31259c7626ef7d9fd0c6c5035a2205b0aaa5a1eac1,2860
- completed:
    hackage: vulkan-3.8@sha256:3bab55f6fb6c87ad1eb89243ecef7d3da3efc2ff943d55e391a8e8d1e1792639,23746
    pantry-tree:
      size: 65992
      sha256: 86cdc38b7f95132d44d84085376667be3590ead0c4431e69ed3a2206cbcdcbc5
  original:
    hackage: vulkan-3.8@sha256:3bab55f6fb6c87ad1eb89243ecef7d3da3efc2ff943d55e391a8e8d1e1792639,23746
- completed:
    hackage: vulkan-utils-0.4@sha256:d74e582532cede5c42dca376b7892d41340c14046a7da216c9c3d1fea879b722,3087
    pantry-tree:
      size: 1374
      sha256: 86ac4f82da6e7e451cf3506cfe530233513a4a9d15abb7eb787bdbad8f5b20d3
  original:
    hackage: vulkan-utils-0.4@sha256:d74e582532cede5c42dca376b7892d41340c14046a7da216c9c3d1fea879b722,3087
- completed:
    hackage: dependent-map-0.4.0.0@sha256:ca2b131046f4340a1c35d138c5a003fe4a5be96b14efc26291ed35fd08c62221,1657
    pantry-tree:
      size: 551
      sha256: 5defa30010904d2ad05a036f3eaf83793506717c93cbeb599f40db1a3632cfc5
  original:
    hackage: dependent-map-0.4.0.0@sha256:ca2b131046f4340a1c35d138c5a003fe4a5be96b14efc26291ed35fd08c62221,1657
- completed:
    hackage: dependent-sum-0.7.1.0@sha256:5599aa89637db434431b1dd3fa7c34bc3d565ee44f0519bfbc877be1927c2531,2068
    pantry-tree:
      size: 290
      sha256: 9cbfb32b5a8a782b7a1c941803fd517633cb699159b851c1d82267a9e9391b50
  original:
    hackage: dependent-sum-0.7.1.0@sha256:5599aa89637db434431b1dd3fa7c34bc3d565ee44f0519bfbc877be1927c2531,2068
- completed:
    hackage: constraints-extras-0.3.0.2@sha256:013b8d0392582c6ca068e226718a4fe8be8e22321cc0634f6115505bf377ad26,1853
    pantry-tree:
      size: 594
      sha256: 3ce1012bfb02e4d7def9df19ce80b8cd2b472c691b25b181d9960638673fecd1
  original:
    hackage: constraints-extras-0.3.0.2@sha256:013b8d0392582c6ca068e226718a4fe8be8e22321cc0634f6115505bf377ad26,1853
- completed:
    hackage: derive-storable-plugin-0.2.3.3@sha256:5e6fda22fc834d717c40b31b8a5110d0644176c4bf92f8f62481f50067531719,2787
    pantry-tree:
      size: 1408
      sha256: 1bb72b68bf4a590acbbb27523125a4f543e4b094ae8f6d930147ef683d2173d2
  original:
    hackage: derive-storable-plugin-0.2.3.3@sha256:5e6fda22fc834d717c40b31b8a5110d0644176c4bf92f8f62481f50067531719,2787
- completed:
    hackage: derive-storable-0.3.0.0@sha256:819332e8dd666ec88dab17e3aca0cffced197c1a560f5a003789a9372e7f07f1,2299
    pantry-tree:
      size: 901
      sha256: daa96c321b4d81aac6c28d621aaf67681017fe4d277b3b713930e7dd8bfeb53e
  original:
    hackage: derive-storable-0.3.0.0@sha256:819332e8dd666ec88dab17e3aca0cffced197c1a560f5a003789a9372e7f07f1,2299
snapshots:
- completed:
    size: 533252
    url: https://raw.githubusercontent.com/commercialhaskell/stackage-snapshots/master/lts/16/27.yaml
    sha256: c2aaae52beeacf6a5727c1010f50e89d03869abfab6d2c2658ade9da8ed50c73
  original:
    url: https://raw.githubusercontent.com/commercialhaskell/stackage-snapshots/master/lts/16/27.yaml
